
Microsoft Visual Studio Solution File, Format Version 12.00
Project("{F2A71F9B-5D33-465A-A702-920D77279786}") = "ParserEisOnline", "ParserEisOnline\ParserEisOnline.fsproj", "{A01AB12A-1082-4C53-9B0E-D9EA3382224A}"
EndProject
Global
	GlobalSection(SolutionConfigurationPlatforms) = preSolution
		Debug|Any CPU = Debug|Any CPU
		Release|Any CPU = Release|Any CPU
	EndGlobalSection
	GlobalSection(ProjectConfigurationPlatforms) = postSolution
		{A01AB12A-1082-4C53-9B0E-D9EA3382224A}.Debug|Any CPU.ActiveCfg = Debug|Any CPU
		{A01AB12A-1082-4C53-9B0E-D9EA3382224A}.Debug|Any CPU.Build.0 = Debug|Any CPU
		{A01AB12A-1082-4C53-9B0E-D9EA3382224A}.Release|Any CPU.ActiveCfg = Release|Any CPU
		{A01AB12A-1082-4C53-9B0E-D9EA3382224A}.Release|Any CPU.Build.0 = Release|Any CPU
	EndGlobalSection
EndGlobal
